// !$*UTF8*$!
{
	archiveVersion = 1;
	classes = {
	};
	objectVersion = 48;
	objects = {

/* Begin PBXBuildFile section */
		1F1A04F41FBB9FFB0023CB81 /* UIColor+AppColors.swift in Sources */ = {isa = PBXBuildFile; fileRef = 1F1A04F31FBB9FFB0023CB81 /* UIColor+AppColors.swift */; };
		1F29E5761F95B10100256AC8 /* AppDelegate.swift in Sources */ = {isa = PBXBuildFile; fileRef = 1F29E5751F95B10100256AC8 /* AppDelegate.swift */; };
		1F29E5781F95B10100256AC8 /* ViewController.swift in Sources */ = {isa = PBXBuildFile; fileRef = 1F29E5771F95B10100256AC8 /* ViewController.swift */; };
		1F29E57B1F95B10100256AC8 /* Main.storyboard in Resources */ = {isa = PBXBuildFile; fileRef = 1F29E5791F95B10100256AC8 /* Main.storyboard */; };
		1F29E57D1F95B10100256AC8 /* Assets.xcassets in Resources */ = {isa = PBXBuildFile; fileRef = 1F29E57C1F95B10100256AC8 /* Assets.xcassets */; };
		1F29E5801F95B10100256AC8 /* LaunchScreen.storyboard in Resources */ = {isa = PBXBuildFile; fileRef = 1F29E57E1F95B10100256AC8 /* LaunchScreen.storyboard */; };
		1F29E58B1F95B10200256AC8 /* RxDemoTests.swift in Sources */ = {isa = PBXBuildFile; fileRef = 1F29E58A1F95B10200256AC8 /* RxDemoTests.swift */; };
		1F29E5961F95B10200256AC8 /* RxDemoUITests.swift in Sources */ = {isa = PBXBuildFile; fileRef = 1F29E5951F95B10200256AC8 /* RxDemoUITests.swift */; };
		1F3D98351FB634D60009B7CD /* MainAssembly.swift in Sources */ = {isa = PBXBuildFile; fileRef = 1F3D98341FB634D60009B7CD /* MainAssembly.swift */; };
		1F3D98371FB656670009B7CD /* UIView+Constaints.swift in Sources */ = {isa = PBXBuildFile; fileRef = 1F3D98361FB656670009B7CD /* UIView+Constaints.swift */; };
		1F6373A21FC2C27000EFC390 /* ViewStates.swift in Sources */ = {isa = PBXBuildFile; fileRef = 1F6373A11FC2C27000EFC390 /* ViewStates.swift */; };
		1F882EF31F986C6F003771A6 /* Models.swift in Sources */ = {isa = PBXBuildFile; fileRef = 1F882EF21F986C6F003771A6 /* Models.swift */; };
		1FB68D0D1FC28BFC00483774 /* BannerVC.swift in Sources */ = {isa = PBXBuildFile; fileRef = 1FB68D0C1FC28BFC00483774 /* BannerVC.swift */; };
		1FB68D0F1FC28C2000483774 /* Service.swift in Sources */ = {isa = PBXBuildFile; fileRef = 1FB68D0E1FC28C2000483774 /* Service.swift */; };
		1FB68D131FC28C3900483774 /* Kitchen.swift in Sources */ = {isa = PBXBuildFile; fileRef = 1FB68D121FC28C3900483774 /* Kitchen.swift */; };
		1FB68D151FC28C4300483774 /* AddTaskVC.swift in Sources */ = {isa = PBXBuildFile; fileRef = 1FB68D141FC28C4300483774 /* AddTaskVC.swift */; };
		1FB68D171FC28C5000483774 /* SelectTaskVC.swift in Sources */ = {isa = PBXBuildFile; fileRef = 1FB68D161FC28C5000483774 /* SelectTaskVC.swift */; };
		1FB68D191FC28C5B00483774 /* TaskTableView.swift in Sources */ = {isa = PBXBuildFile; fileRef = 1FB68D181FC28C5B00483774 /* TaskTableView.swift */; };
		1FB68D1B1FC28C7300483774 /* TitleVC.swift in Sources */ = {isa = PBXBuildFile; fileRef = 1FB68D1A1FC28C7300483774 /* TitleVC.swift */; };
		1FB68D1D1FC28DA900483774 /* TaskVC.swift in Sources */ = {isa = PBXBuildFile; fileRef = 1FB68D1C1FC28DA900483774 /* TaskVC.swift */; };
		1FB9C8871FC2A86A00FDF0E5 /* UIView+Animations.swift in Sources */ = {isa = PBXBuildFile; fileRef = 1FB9C8861FC2A86A00FDF0E5 /* UIView+Animations.swift */; };
		1FE25E7B1FC3D07E005EE754 /* ViewStateFactories.swift in Sources */ = {isa = PBXBuildFile; fileRef = 1FE25E7A1FC3D07E005EE754 /* ViewStateFactories.swift */; };
		1FE25E7D1FC3D0FC005EE754 /* ViewFactory.swift in Sources */ = {isa = PBXBuildFile; fileRef = 1FE25E7C1FC3D0FC005EE754 /* ViewFactory.swift */; };
		3A4A38C823C54DE2BE398165 /* Pods_RxDemo_RxDemoTests.framework in Frameworks */ = {isa = PBXBuildFile; fileRef = 2E2518A5BF027C9837D4ABDE /* Pods_RxDemo_RxDemoTests.framework */; };
		84BDF2019D306FD4E25979DC /* Pods_RxDemoTests.framework in Frameworks */ = {isa = PBXBuildFile; fileRef = E7B33E2BFDA738584E4B1AAC /* Pods_RxDemoTests.framework */; };
		A45A11759BDF111DD1FAABBC /* Pods_RxDemo.framework in Frameworks */ = {isa = PBXBuildFile; fileRef = C6AB16BAA07FBBFA154E65FC /* Pods_RxDemo.framework */; };
/* End PBXBuildFile section */

/* Begin PBXContainerItemProxy section */
		1F29E5871F95B10200256AC8 /* PBXContainerItemProxy */ = {
			isa = PBXContainerItemProxy;
			containerPortal = 1F29E56A1F95B10100256AC8 /* Project object */;
			proxyType = 1;
			remoteGlobalIDString = 1F29E5711F95B10100256AC8;
			remoteInfo = RxDemo;
		};
		1F29E5921F95B10200256AC8 /* PBXContainerItemProxy */ = {
			isa = PBXContainerItemProxy;
			containerPortal = 1F29E56A1F95B10100256AC8 /* Project object */;
			proxyType = 1;
			remoteGlobalIDString = 1F29E5711F95B10100256AC8;
			remoteInfo = RxDemo;
		};
/* End PBXContainerItemProxy section */

/* Begin PBXFileReference section */
		059759302C0061568AB39B74 /* Pods-RxDemo-RxDemoTests.debug.xcconfig */ = {isa = PBXFileReference; includeInIndex = 1; lastKnownFileType = text.xcconfig; name = "Pods-RxDemo-RxDemoTests.debug.xcconfig"; path = "Pods/Target Support Files/Pods-RxDemo-RxDemoTests/Pods-RxDemo-RxDemoTests.debug.xcconfig"; sourceTree = "<group>"; };
		1F1A04F31FBB9FFB0023CB81 /* UIColor+AppColors.swift */ = {isa = PBXFileReference; lastKnownFileType = sourcecode.swift; path = "UIColor+AppColors.swift"; sourceTree = "<group>"; };
		1F29E5721F95B10100256AC8 /* RxDemo.app */ = {isa = PBXFileReference; explicitFileType = wrapper.application; includeInIndex = 0; path = RxDemo.app; sourceTree = BUILT_PRODUCTS_DIR; };
		1F29E5751F95B10100256AC8 /* AppDelegate.swift */ = {isa = PBXFileReference; lastKnownFileType = sourcecode.swift; path = AppDelegate.swift; sourceTree = "<group>"; };
		1F29E5771F95B10100256AC8 /* ViewController.swift */ = {isa = PBXFileReference; lastKnownFileType = sourcecode.swift; path = ViewController.swift; sourceTree = "<group>"; };
		1F29E57A1F95B10100256AC8 /* Base */ = {isa = PBXFileReference; lastKnownFileType = file.storyboard; name = Base; path = Base.lproj/Main.storyboard; sourceTree = "<group>"; };
		1F29E57C1F95B10100256AC8 /* Assets.xcassets */ = {isa = PBXFileReference; lastKnownFileType = folder.assetcatalog; path = Assets.xcassets; sourceTree = "<group>"; };
		1F29E57F1F95B10100256AC8 /* Base */ = {isa = PBXFileReference; lastKnownFileType = file.storyboard; name = Base; path = Base.lproj/LaunchScreen.storyboard; sourceTree = "<group>"; };
		1F29E5811F95B10100256AC8 /* Info.plist */ = {isa = PBXFileReference; lastKnownFileType = text.plist.xml; path = Info.plist; sourceTree = "<group>"; };
		1F29E5861F95B10200256AC8 /* RxDemoTests.xctest */ = {isa = PBXFileReference; explicitFileType = wrapper.cfbundle; includeInIndex = 0; path = RxDemoTests.xctest; sourceTree = BUILT_PRODUCTS_DIR; };
		1F29E58A1F95B10200256AC8 /* RxDemoTests.swift */ = {isa = PBXFileReference; lastKnownFileType = sourcecode.swift; path = RxDemoTests.swift; sourceTree = "<group>"; };
		1F29E58C1F95B10200256AC8 /* Info.plist */ = {isa = PBXFileReference; lastKnownFileType = text.plist.xml; path = Info.plist; sourceTree = "<group>"; };
		1F29E5911F95B10200256AC8 /* RxDemoUITests.xctest */ = {isa = PBXFileReference; explicitFileType = wrapper.cfbundle; includeInIndex = 0; path = RxDemoUITests.xctest; sourceTree = BUILT_PRODUCTS_DIR; };
		1F29E5951F95B10200256AC8 /* RxDemoUITests.swift */ = {isa = PBXFileReference; lastKnownFileType = sourcecode.swift; path = RxDemoUITests.swift; sourceTree = "<group>"; };
		1F29E5971F95B10200256AC8 /* Info.plist */ = {isa = PBXFileReference; lastKnownFileType = text.plist.xml; path = Info.plist; sourceTree = "<group>"; };
		1F3D98341FB634D60009B7CD /* MainAssembly.swift */ = {isa = PBXFileReference; lastKnownFileType = sourcecode.swift; path = MainAssembly.swift; sourceTree = "<group>"; };
		1F3D98361FB656670009B7CD /* UIView+Constaints.swift */ = {isa = PBXFileReference; lastKnownFileType = sourcecode.swift; path = "UIView+Constaints.swift"; sourceTree = "<group>"; };
		1F6373A11FC2C27000EFC390 /* ViewStates.swift */ = {isa = PBXFileReference; lastKnownFileType = sourcecode.swift; path = ViewStates.swift; sourceTree = "<group>"; };
		1F882EF21F986C6F003771A6 /* Models.swift */ = {isa = PBXFileReference; lastKnownFileType = sourcecode.swift; path = Models.swift; sourceTree = "<group>"; };
		1FB68D0C1FC28BFC00483774 /* BannerVC.swift */ = {isa = PBXFileReference; lastKnownFileType = sourcecode.swift; path = BannerVC.swift; sourceTree = "<group>"; };
		1FB68D0E1FC28C2000483774 /* Service.swift */ = {isa = PBXFileReference; lastKnownFileType = sourcecode.swift; path = Service.swift; sourceTree = "<group>"; };
		1FB68D121FC28C3900483774 /* Kitchen.swift */ = {isa = PBXFileReference; lastKnownFileType = sourcecode.swift; path = Kitchen.swift; sourceTree = "<group>"; };
		1FB68D141FC28C4300483774 /* AddTaskVC.swift */ = {isa = PBXFileReference; lastKnownFileType = sourcecode.swift; path = AddTaskVC.swift; sourceTree = "<group>"; };
		1FB68D161FC28C5000483774 /* SelectTaskVC.swift */ = {isa = PBXFileReference; lastKnownFileType = sourcecode.swift; path = SelectTaskVC.swift; sourceTree = "<group>"; };
		1FB68D181FC28C5B00483774 /* TaskTableView.swift */ = {isa = PBXFileReference; lastKnownFileType = sourcecode.swift; path = TaskTableView.swift; sourceTree = "<group>"; };
		1FB68D1A1FC28C7300483774 /* TitleVC.swift */ = {isa = PBXFileReference; lastKnownFileType = sourcecode.swift; path = TitleVC.swift; sourceTree = "<group>"; };
		1FB68D1C1FC28DA900483774 /* TaskVC.swift */ = {isa = PBXFileReference; lastKnownFileType = sourcecode.swift; path = TaskVC.swift; sourceTree = "<group>"; };
		1FB9C8861FC2A86A00FDF0E5 /* UIView+Animations.swift */ = {isa = PBXFileReference; lastKnownFileType = sourcecode.swift; path = "UIView+Animations.swift"; sourceTree = "<group>"; };
		1FE25E7A1FC3D07E005EE754 /* ViewStateFactories.swift */ = {isa = PBXFileReference; lastKnownFileType = sourcecode.swift; path = ViewStateFactories.swift; sourceTree = "<group>"; };
		1FE25E7C1FC3D0FC005EE754 /* ViewFactory.swift */ = {isa = PBXFileReference; lastKnownFileType = sourcecode.swift; path = ViewFactory.swift; sourceTree = "<group>"; };
		2E2518A5BF027C9837D4ABDE /* Pods_RxDemo_RxDemoTests.framework */ = {isa = PBXFileReference; explicitFileType = wrapper.framework; includeInIndex = 0; path = Pods_RxDemo_RxDemoTests.framework; sourceTree = BUILT_PRODUCTS_DIR; };
		4AFF4734845A40B4BD20076B /* Pods-RxDemo.debug.xcconfig */ = {isa = PBXFileReference; includeInIndex = 1; lastKnownFileType = text.xcconfig; name = "Pods-RxDemo.debug.xcconfig"; path = "Pods/Target Support Files/Pods-RxDemo/Pods-RxDemo.debug.xcconfig"; sourceTree = "<group>"; };
		62CF7BBECDB56E7ED405E9F6 /* Pods-RxDemoTests.debug.xcconfig */ = {isa = PBXFileReference; includeInIndex = 1; lastKnownFileType = text.xcconfig; name = "Pods-RxDemoTests.debug.xcconfig"; path = "Pods/Target Support Files/Pods-RxDemoTests/Pods-RxDemoTests.debug.xcconfig"; sourceTree = "<group>"; };
		9D6764F577798DFD027AB4FD /* Pods_RxDemoUITests.framework */ = {isa = PBXFileReference; explicitFileType = wrapper.framework; includeInIndex = 0; path = Pods_RxDemoUITests.framework; sourceTree = BUILT_PRODUCTS_DIR; };
		B9FB3539EE4AEE16AB4463E4 /* Pods-RxDemo-RxDemoTests.release.xcconfig */ = {isa = PBXFileReference; includeInIndex = 1; lastKnownFileType = text.xcconfig; name = "Pods-RxDemo-RxDemoTests.release.xcconfig"; path = "Pods/Target Support Files/Pods-RxDemo-RxDemoTests/Pods-RxDemo-RxDemoTests.release.xcconfig"; sourceTree = "<group>"; };
		C6AB16BAA07FBBFA154E65FC /* Pods_RxDemo.framework */ = {isa = PBXFileReference; explicitFileType = wrapper.framework; includeInIndex = 0; path = Pods_RxDemo.framework; sourceTree = BUILT_PRODUCTS_DIR; };
		D1E2792E25F28C2A1C1A362D /* Pods-RxDemoTests.release.xcconfig */ = {isa = PBXFileReference; includeInIndex = 1; lastKnownFileType = text.xcconfig; name = "Pods-RxDemoTests.release.xcconfig"; path = "Pods/Target Support Files/Pods-RxDemoTests/Pods-RxDemoTests.release.xcconfig"; sourceTree = "<group>"; };
		E7B33E2BFDA738584E4B1AAC /* Pods_RxDemoTests.framework */ = {isa = PBXFileReference; explicitFileType = wrapper.framework; includeInIndex = 0; path = Pods_RxDemoTests.framework; sourceTree = BUILT_PRODUCTS_DIR; };
		ECAC6D432D324D0A263FF892 /* Pods-RxDemo.release.xcconfig */ = {isa = PBXFileReference; includeInIndex = 1; lastKnownFileType = text.xcconfig; name = "Pods-RxDemo.release.xcconfig"; path = "Pods/Target Support Files/Pods-RxDemo/Pods-RxDemo.release.xcconfig"; sourceTree = "<group>"; };
/* End PBXFileReference section */

/* Begin PBXFrameworksBuildPhase section */
		1F29E56F1F95B10100256AC8 /* Frameworks */ = {
			isa = PBXFrameworksBuildPhase;
			buildActionMask = 2147483647;
			files = (
				A45A11759BDF111DD1FAABBC /* Pods_RxDemo.framework in Frameworks */,
			);
			runOnlyForDeploymentPostprocessing = 0;
		};
		1F29E5831F95B10200256AC8 /* Frameworks */ = {
			isa = PBXFrameworksBuildPhase;
			buildActionMask = 2147483647;
			files = (
				84BDF2019D306FD4E25979DC /* Pods_RxDemoTests.framework in Frameworks */,
				3A4A38C823C54DE2BE398165 /* Pods_RxDemo_RxDemoTests.framework in Frameworks */,
			);
			runOnlyForDeploymentPostprocessing = 0;
		};
		1F29E58E1F95B10200256AC8 /* Frameworks */ = {
			isa = PBXFrameworksBuildPhase;
			buildActionMask = 2147483647;
			files = (
			);
			runOnlyForDeploymentPostprocessing = 0;
		};
/* End PBXFrameworksBuildPhase section */

/* Begin PBXGroup section */
		1F29E5691F95B10100256AC8 = {
			isa = PBXGroup;
			children = (
				1F29E5741F95B10100256AC8 /* RxDemo */,
				1F29E5891F95B10200256AC8 /* RxDemoTests */,
				1F29E5941F95B10200256AC8 /* RxDemoUITests */,
				1F29E5731F95B10100256AC8 /* Products */,
				20AEE1B1543424E88398191A /* Pods */,
				819B0491DCFA432C40211674 /* Frameworks */,
			);
			sourceTree = "<group>";
		};
		1F29E5731F95B10100256AC8 /* Products */ = {
			isa = PBXGroup;
			children = (
				1F29E5721F95B10100256AC8 /* RxDemo.app */,
				1F29E5861F95B10200256AC8 /* RxDemoTests.xctest */,
				1F29E5911F95B10200256AC8 /* RxDemoUITests.xctest */,
			);
			name = Products;
			sourceTree = "<group>";
		};
		1F29E5741F95B10100256AC8 /* RxDemo */ = {
			isa = PBXGroup;
			children = (
				1F3D98341FB634D60009B7CD /* MainAssembly.swift */,
				1FB68D0E1FC28C2000483774 /* Service.swift */,
				1F882EF21F986C6F003771A6 /* Models.swift */,
				1F63739F1FC2C21A00EFC390 /* AddTask */,
				1F6373A01FC2C23D00EFC390 /* Common */,
				1F29E5751F95B10100256AC8 /* AppDelegate.swift */,
				1F29E57C1F95B10100256AC8 /* Assets.xcassets */,
				1F29E57E1F95B10100256AC8 /* LaunchScreen.storyboard */,
				1F29E5811F95B10100256AC8 /* Info.plist */,
			);
			path = RxDemo;
			sourceTree = "<group>";
		};
		1F29E5891F95B10200256AC8 /* RxDemoTests */ = {
			isa = PBXGroup;
			children = (
				1F29E58A1F95B10200256AC8 /* RxDemoTests.swift */,
				1F29E58C1F95B10200256AC8 /* Info.plist */,
			);
			path = RxDemoTests;
			sourceTree = "<group>";
		};
		1F29E5941F95B10200256AC8 /* RxDemoUITests */ = {
			isa = PBXGroup;
			children = (
				1F29E5951F95B10200256AC8 /* RxDemoUITests.swift */,
				1F29E5971F95B10200256AC8 /* Info.plist */,
			);
			path = RxDemoUITests;
			sourceTree = "<group>";
		};
		1F63739E1FC2C21100EFC390 /* Subviews */ = {
			isa = PBXGroup;
			children = (
				1FE25E7C1FC3D0FC005EE754 /* ViewFactory.swift */,
				1FB68D0C1FC28BFC00483774 /* BannerVC.swift */,
				1FB68D1A1FC28C7300483774 /* TitleVC.swift */,
				1FB68D161FC28C5000483774 /* SelectTaskVC.swift */,
				1FB68D141FC28C4300483774 /* AddTaskVC.swift */,
				1FB68D181FC28C5B00483774 /* TaskTableView.swift */,
				1FB68D1C1FC28DA900483774 /* TaskVC.swift */,
			);
			path = Subviews;
			sourceTree = "<group>";
		};
		1F63739F1FC2C21A00EFC390 /* AddTask */ = {
			isa = PBXGroup;
			children = (
				1FB68D121FC28C3900483774 /* Kitchen.swift */,
				1F6373A11FC2C27000EFC390 /* ViewStates.swift */,
				1FE25E7A1FC3D07E005EE754 /* ViewStateFactories.swift */,
				1F29E5771F95B10100256AC8 /* ViewController.swift */,
				1F29E5791F95B10100256AC8 /* Main.storyboard */,
				1F63739E1FC2C21100EFC390 /* Subviews */,
			);
			path = AddTask;
			sourceTree = "<group>";
		};
		1F6373A01FC2C23D00EFC390 /* Common */ = {
			isa = PBXGroup;
			children = (
				1F3D98361FB656670009B7CD /* UIView+Constaints.swift */,
				1F1A04F31FBB9FFB0023CB81 /* UIColor+AppColors.swift */,
				1FB9C8861FC2A86A00FDF0E5 /* UIView+Animations.swift */,
			);
			path = Common;
			sourceTree = "<group>";
		};
		20AEE1B1543424E88398191A /* Pods */ = {
			isa = PBXGroup;
			children = (
				4AFF4734845A40B4BD20076B /* Pods-RxDemo.debug.xcconfig */,
				ECAC6D432D324D0A263FF892 /* Pods-RxDemo.release.xcconfig */,
				62CF7BBECDB56E7ED405E9F6 /* Pods-RxDemoTests.debug.xcconfig */,
				D1E2792E25F28C2A1C1A362D /* Pods-RxDemoTests.release.xcconfig */,
				059759302C0061568AB39B74 /* Pods-RxDemo-RxDemoTests.debug.xcconfig */,
				B9FB3539EE4AEE16AB4463E4 /* Pods-RxDemo-RxDemoTests.release.xcconfig */,
			);
			name = Pods;
			sourceTree = "<group>";
		};
		819B0491DCFA432C40211674 /* Frameworks */ = {
			isa = PBXGroup;
			children = (
				C6AB16BAA07FBBFA154E65FC /* Pods_RxDemo.framework */,
				E7B33E2BFDA738584E4B1AAC /* Pods_RxDemoTests.framework */,
				9D6764F577798DFD027AB4FD /* Pods_RxDemoUITests.framework */,
				2E2518A5BF027C9837D4ABDE /* Pods_RxDemo_RxDemoTests.framework */,
			);
			name = Frameworks;
			sourceTree = "<group>";
		};
/* End PBXGroup section */

/* Begin PBXNativeTarget section */
		1F29E5711F95B10100256AC8 /* RxDemo */ = {
			isa = PBXNativeTarget;
			buildConfigurationList = 1F29E59A1F95B10200256AC8 /* Build configuration list for PBXNativeTarget "RxDemo" */;
			buildPhases = (
				D75454396890C62F3DB76279 /* [CP] Check Pods Manifest.lock */,
				1F29E56E1F95B10100256AC8 /* Sources */,
				1F29E56F1F95B10100256AC8 /* Frameworks */,
				1F29E5701F95B10100256AC8 /* Resources */,
				6FBF834D9345B49B9EAF89EB /* [CP] Embed Pods Frameworks */,
				508A80EFD34FB0C04657C78D /* [CP] Copy Pods Resources */,
			);
			buildRules = (
			);
			dependencies = (
			);
			name = RxDemo;
			productName = RxDemo;
			productReference = 1F29E5721F95B10100256AC8 /* RxDemo.app */;
			productType = "com.apple.product-type.application";
		};
		1F29E5851F95B10200256AC8 /* RxDemoTests */ = {
			isa = PBXNativeTarget;
			buildConfigurationList = 1F29E59D1F95B10200256AC8 /* Build configuration list for PBXNativeTarget "RxDemoTests" */;
			buildPhases = (
				ADFCF6A363AF0402AFDD64B9 /* [CP] Check Pods Manifest.lock */,
				1F29E5821F95B10200256AC8 /* Sources */,
				1F29E5831F95B10200256AC8 /* Frameworks */,
				1F29E5841F95B10200256AC8 /* Resources */,
				0C49E101652CED407E6C361C /* [CP] Embed Pods Frameworks */,
				7D04D68EF71F4BA52797B7E7 /* [CP] Copy Pods Resources */,
			);
			buildRules = (
			);
			dependencies = (
				1F29E5881F95B10200256AC8 /* PBXTargetDependency */,
			);
			name = RxDemoTests;
			productName = RxDemoTests;
			productReference = 1F29E5861F95B10200256AC8 /* RxDemoTests.xctest */;
			productType = "com.apple.product-type.bundle.unit-test";
		};
		1F29E5901F95B10200256AC8 /* RxDemoUITests */ = {
			isa = PBXNativeTarget;
			buildConfigurationList = 1F29E5A01F95B10200256AC8 /* Build configuration list for PBXNativeTarget "RxDemoUITests" */;
			buildPhases = (
				1F29E58D1F95B10200256AC8 /* Sources */,
				1F29E58E1F95B10200256AC8 /* Frameworks */,
				1F29E58F1F95B10200256AC8 /* Resources */,
			);
			buildRules = (
			);
			dependencies = (
				1F29E5931F95B10200256AC8 /* PBXTargetDependency */,
			);
			name = RxDemoUITests;
			productName = RxDemoUITests;
			productReference = 1F29E5911F95B10200256AC8 /* RxDemoUITests.xctest */;
			productType = "com.apple.product-type.bundle.ui-testing";
		};
/* End PBXNativeTarget section */

/* Begin PBXProject section */
		1F29E56A1F95B10100256AC8 /* Project object */ = {
			isa = PBXProject;
			attributes = {
				LastSwiftUpdateCheck = 0900;
				LastUpgradeCheck = 0900;
				ORGANIZATIONNAME = "Jeff Chavez";
				TargetAttributes = {
					1F29E5711F95B10100256AC8 = {
						CreatedOnToolsVersion = 9.0;
						ProvisioningStyle = Automatic;
					};
					1F29E5851F95B10200256AC8 = {
						CreatedOnToolsVersion = 9.0;
						ProvisioningStyle = Automatic;
						TestTargetID = 1F29E5711F95B10100256AC8;
					};
					1F29E5901F95B10200256AC8 = {
						CreatedOnToolsVersion = 9.0;
						ProvisioningStyle = Automatic;
						TestTargetID = 1F29E5711F95B10100256AC8;
					};
				};
			};
			buildConfigurationList = 1F29E56D1F95B10100256AC8 /* Build configuration list for PBXProject "RxDemo" */;
			compatibilityVersion = "Xcode 8.0";
			developmentRegion = en;
			hasScannedForEncodings = 0;
			knownRegions = (
				en,
				Base,
			);
			mainGroup = 1F29E5691F95B10100256AC8;
			productRefGroup = 1F29E5731F95B10100256AC8 /* Products */;
			projectDirPath = "";
			projectRoot = "";
			targets = (
				1F29E5711F95B10100256AC8 /* RxDemo */,
				1F29E5851F95B10200256AC8 /* RxDemoTests */,
				1F29E5901F95B10200256AC8 /* RxDemoUITests */,
			);
		};
/* End PBXProject section */

/* Begin PBXResourcesBuildPhase section */
		1F29E5701F95B10100256AC8 /* Resources */ = {
			isa = PBXResourcesBuildPhase;
			buildActionMask = 2147483647;
			files = (
				1F29E5801F95B10100256AC8 /* LaunchScreen.storyboard in Resources */,
				1F29E57D1F95B10100256AC8 /* Assets.xcassets in Resources */,
				1F29E57B1F95B10100256AC8 /* Main.storyboard in Resources */,
			);
			runOnlyForDeploymentPostprocessing = 0;
		};
		1F29E5841F95B10200256AC8 /* Resources */ = {
			isa = PBXResourcesBuildPhase;
			buildActionMask = 2147483647;
			files = (
			);
			runOnlyForDeploymentPostprocessing = 0;
		};
		1F29E58F1F95B10200256AC8 /* Resources */ = {
			isa = PBXResourcesBuildPhase;
			buildActionMask = 2147483647;
			files = (
			);
			runOnlyForDeploymentPostprocessing = 0;
		};
/* End PBXResourcesBuildPhase section */

/* Begin PBXShellScriptBuildPhase section */
		0C49E101652CED407E6C361C /* [CP] Embed Pods Frameworks */ = {
			isa = PBXShellScriptBuildPhase;
			buildActionMask = 2147483647;
			files = (
			);
			inputPaths = (
			);
			name = "[CP] Embed Pods Frameworks";
			outputPaths = (
			);
			runOnlyForDeploymentPostprocessing = 0;
			shellPath = /bin/sh;
			shellScript = "\"${SRCROOT}/Pods/Target Support Files/Pods-RxDemo-RxDemoTests/Pods-RxDemo-RxDemoTests-frameworks.sh\"\n";
			showEnvVarsInLog = 0;
		};
		508A80EFD34FB0C04657C78D /* [CP] Copy Pods Resources */ = {
			isa = PBXShellScriptBuildPhase;
			buildActionMask = 2147483647;
			files = (
			);
			inputPaths = (
			);
			name = "[CP] Copy Pods Resources";
			outputPaths = (
			);
			runOnlyForDeploymentPostprocessing = 0;
			shellPath = /bin/sh;
			shellScript = "\"${SRCROOT}/Pods/Target Support Files/Pods-RxDemo/Pods-RxDemo-resources.sh\"\n";
			showEnvVarsInLog = 0;
		};
		6FBF834D9345B49B9EAF89EB /* [CP] Embed Pods Frameworks */ = {
			isa = PBXShellScriptBuildPhase;
			buildActionMask = 2147483647;
			files = (
			);
			inputPaths = (
			);
			name = "[CP] Embed Pods Frameworks";
			outputPaths = (
			);
			runOnlyForDeploymentPostprocessing = 0;
			shellPath = /bin/sh;
			shellScript = "\"${SRCROOT}/Pods/Target Support Files/Pods-RxDemo/Pods-RxDemo-frameworks.sh\"\n";
			showEnvVarsInLog = 0;
		};
		7D04D68EF71F4BA52797B7E7 /* [CP] Copy Pods Resources */ = {
			isa = PBXShellScriptBuildPhase;
			buildActionMask = 2147483647;
			files = (
			);
			inputPaths = (
			);
			name = "[CP] Copy Pods Resources";
			outputPaths = (
			);
			runOnlyForDeploymentPostprocessing = 0;
			shellPath = /bin/sh;
			shellScript = "\"${SRCROOT}/Pods/Target Support Files/Pods-RxDemo-RxDemoTests/Pods-RxDemo-RxDemoTests-resources.sh\"\n";
			showEnvVarsInLog = 0;
		};
		ADFCF6A363AF0402AFDD64B9 /* [CP] Check Pods Manifest.lock */ = {
			isa = PBXShellScriptBuildPhase;
			buildActionMask = 2147483647;
			files = (
			);
			inputPaths = (
			);
			name = "[CP] Check Pods Manifest.lock";
			outputPaths = (
			);
			runOnlyForDeploymentPostprocessing = 0;
			shellPath = /bin/sh;
			shellScript = "diff \"${PODS_ROOT}/../Podfile.lock\" \"${PODS_ROOT}/Manifest.lock\" > /dev/null\nif [ $? != 0 ] ; then\n    # print error to STDERR\n    echo \"error: The sandbox is not in sync with the Podfile.lock. Run 'pod install' or update your CocoaPods installation.\" >&2\n    exit 1\nfi\n";
			showEnvVarsInLog = 0;
		};
		D75454396890C62F3DB76279 /* [CP] Check Pods Manifest.lock */ = {
			isa = PBXShellScriptBuildPhase;
			buildActionMask = 2147483647;
			files = (
			);
			inputPaths = (
			);
			name = "[CP] Check Pods Manifest.lock";
			outputPaths = (
			);
			runOnlyForDeploymentPostprocessing = 0;
			shellPath = /bin/sh;
			shellScript = "diff \"${PODS_ROOT}/../Podfile.lock\" \"${PODS_ROOT}/Manifest.lock\" > /dev/null\nif [ $? != 0 ] ; then\n    # print error to STDERR\n    echo \"error: The sandbox is not in sync with the Podfile.lock. Run 'pod install' or update your CocoaPods installation.\" >&2\n    exit 1\nfi\n";
			showEnvVarsInLog = 0;
		};
/* End PBXShellScriptBuildPhase section */

/* Begin PBXSourcesBuildPhase section */
		1F29E56E1F95B10100256AC8 /* Sources */ = {
			isa = PBXSourcesBuildPhase;
			buildActionMask = 2147483647;
			files = (
				1F882EF31F986C6F003771A6 /* Models.swift in Sources */,
				1FE25E7B1FC3D07E005EE754 /* ViewStateFactories.swift in Sources */,
				1FB68D0F1FC28C2000483774 /* Service.swift in Sources */,
				1FB9C8871FC2A86A00FDF0E5 /* UIView+Animations.swift in Sources */,
				1FB68D1B1FC28C7300483774 /* TitleVC.swift in Sources */,
				1F3D98351FB634D60009B7CD /* MainAssembly.swift in Sources */,
				1F3D98371FB656670009B7CD /* UIView+Constaints.swift in Sources */,
				1FB68D191FC28C5B00483774 /* TaskTableView.swift in Sources */,
				1F29E5781F95B10100256AC8 /* ViewController.swift in Sources */,
				1F29E5761F95B10100256AC8 /* AppDelegate.swift in Sources */,
				1FB68D0D1FC28BFC00483774 /* BannerVC.swift in Sources */,
				1F6373A21FC2C27000EFC390 /* ViewStates.swift in Sources */,
				1FB68D151FC28C4300483774 /* AddTaskVC.swift in Sources */,
				1FE25E7D1FC3D0FC005EE754 /* ViewFactory.swift in Sources */,
				1FB68D131FC28C3900483774 /* Kitchen.swift in Sources */,
				1F1A04F41FBB9FFB0023CB81 /* UIColor+AppColors.swift in Sources */,
				1FB68D171FC28C5000483774 /* SelectTaskVC.swift in Sources */,
				1FB68D1D1FC28DA900483774 /* TaskVC.swift in Sources */,
			);
			runOnlyForDeploymentPostprocessing = 0;
		};
		1F29E5821F95B10200256AC8 /* Sources */ = {
			isa = PBXSourcesBuildPhase;
			buildActionMask = 2147483647;
			files = (
				1F29E58B1F95B10200256AC8 /* RxDemoTests.swift in Sources */,
			);
			runOnlyForDeploymentPostprocessing = 0;
		};
		1F29E58D1F95B10200256AC8 /* Sources */ = {
			isa = PBXSourcesBuildPhase;
			buildActionMask = 2147483647;
			files = (
				1F29E5961F95B10200256AC8 /* RxDemoUITests.swift in Sources */,
			);
			runOnlyForDeploymentPostprocessing = 0;
		};
/* End PBXSourcesBuildPhase section */

/* Begin PBXTargetDependency section */
		1F29E5881F95B10200256AC8 /* PBXTargetDependency */ = {
			isa = PBXTargetDependency;
			target = 1F29E5711F95B10100256AC8 /* RxDemo */;
			targetProxy = 1F29E5871F95B10200256AC8 /* PBXContainerItemProxy */;
		};
		1F29E5931F95B10200256AC8 /* PBXTargetDependency */ = {
			isa = PBXTargetDependency;
			target = 1F29E5711F95B10100256AC8 /* RxDemo */;
			targetProxy = 1F29E5921F95B10200256AC8 /* PBXContainerItemProxy */;
		};
/* End PBXTargetDependency section */

/* Begin PBXVariantGroup section */
		1F29E5791F95B10100256AC8 /* Main.storyboard */ = {
			isa = PBXVariantGroup;
			children = (
				1F29E57A1F95B10100256AC8 /* Base */,
			);
			name = Main.storyboard;
			sourceTree = "<group>";
		};
		1F29E57E1F95B10100256AC8 /* LaunchScreen.storyboard */ = {
			isa = PBXVariantGroup;
			children = (
				1F29E57F1F95B10100256AC8 /* Base */,
			);
			name = LaunchScreen.storyboard;
			sourceTree = "<group>";
		};
/* End PBXVariantGroup section */

/* Begin XCBuildConfiguration section */
		1F29E5981F95B10200256AC8 /* Debug */ = {
			isa = XCBuildConfiguration;
			buildSettings = {
				ALWAYS_SEARCH_USER_PATHS = NO;
				CLANG_ANALYZER_NONNULL = YES;
				CLANG_ANALYZER_NUMBER_OBJECT_CONVERSION = YES_AGGRESSIVE;
				CLANG_CXX_LANGUAGE_STANDARD = "gnu++14";
				CLANG_CXX_LIBRARY = "libc++";
				CLANG_ENABLE_MODULES = YES;
				CLANG_ENABLE_OBJC_ARC = YES;
				CLANG_WARN_BLOCK_CAPTURE_AUTORELEASING = YES;
				CLANG_WARN_BOOL_CONVERSION = YES;
				CLANG_WARN_COMMA = YES;
				CLANG_WARN_CONSTANT_CONVERSION = YES;
				CLANG_WARN_DIRECT_OBJC_ISA_USAGE = YES_ERROR;
				CLANG_WARN_DOCUMENTATION_COMMENTS = YES;
				CLANG_WARN_EMPTY_BODY = YES;
				CLANG_WARN_ENUM_CONVERSION = YES;
				CLANG_WARN_INFINITE_RECURSION = YES;
				CLANG_WARN_INT_CONVERSION = YES;
				CLANG_WARN_NON_LITERAL_NULL_CONVERSION = YES;
				CLANG_WARN_OBJC_LITERAL_CONVERSION = YES;
				CLANG_WARN_OBJC_ROOT_CLASS = YES_ERROR;
				CLANG_WARN_RANGE_LOOP_ANALYSIS = YES;
				CLANG_WARN_STRICT_PROTOTYPES = YES;
				CLANG_WARN_SUSPICIOUS_MOVE = YES;
				CLANG_WARN_UNGUARDED_AVAILABILITY = YES_AGGRESSIVE;
				CLANG_WARN_UNREACHABLE_CODE = YES;
				CLANG_WARN__DUPLICATE_METHOD_MATCH = YES;
				CODE_SIGN_IDENTITY = "iPhone Developer";
				COPY_PHASE_STRIP = NO;
				DEBUG_INFORMATION_FORMAT = dwarf;
				ENABLE_STRICT_OBJC_MSGSEND = YES;
				ENABLE_TESTABILITY = YES;
				GCC_C_LANGUAGE_STANDARD = gnu11;
				GCC_DYNAMIC_NO_PIC = NO;
				GCC_NO_COMMON_BLOCKS = YES;
				GCC_OPTIMIZATION_LEVEL = 0;
				GCC_PREPROCESSOR_DEFINITIONS = (
					"DEBUG=1",
					"$(inherited)",
				);
				GCC_WARN_64_TO_32_BIT_CONVERSION = YES;
				GCC_WARN_ABOUT_RETURN_TYPE = YES_ERROR;
				GCC_WARN_UNDECLARED_SELECTOR = YES;
				GCC_WARN_UNINITIALIZED_AUTOS = YES_AGGRESSIVE;
				GCC_WARN_UNUSED_FUNCTION = YES;
				GCC_WARN_UNUSED_VARIABLE = YES;
				IPHONEOS_DEPLOYMENT_TARGET = 11.0;
				MTL_ENABLE_DEBUG_INFO = YES;
				ONLY_ACTIVE_ARCH = YES;
				SDKROOT = iphoneos;
				SWIFT_ACTIVE_COMPILATION_CONDITIONS = DEBUG;
				SWIFT_OPTIMIZATION_LEVEL = "-Onone";
			};
			name = Debug;
		};
		1F29E5991F95B10200256AC8 /* Release */ = {
			isa = XCBuildConfiguration;
			buildSettings = {
				ALWAYS_SEARCH_USER_PATHS = NO;
				CLANG_ANALYZER_NONNULL = YES;
				CLANG_ANALYZER_NUMBER_OBJECT_CONVERSION = YES_AGGRESSIVE;
				CLANG_CXX_LANGUAGE_STANDARD = "gnu++14";
				CLANG_CXX_LIBRARY = "libc++";
				CLANG_ENABLE_MODULES = YES;
				CLANG_ENABLE_OBJC_ARC = YES;
				CLANG_WARN_BLOCK_CAPTURE_AUTORELEASING = YES;
				CLANG_WARN_BOOL_CONVERSION = YES;
				CLANG_WARN_COMMA = YES;
				CLANG_WARN_CONSTANT_CONVERSION = YES;
				CLANG_WARN_DIRECT_OBJC_ISA_USAGE = YES_ERROR;
				CLANG_WARN_DOCUMENTATION_COMMENTS = YES;
				CLANG_WARN_EMPTY_BODY = YES;
				CLANG_WARN_ENUM_CONVERSION = YES;
				CLANG_WARN_INFINITE_RECURSION = YES;
				CLANG_WARN_INT_CONVERSION = YES;
				CLANG_WARN_NON_LITERAL_NULL_CONVERSION = YES;
				CLANG_WARN_OBJC_LITERAL_CONVERSION = YES;
				CLANG_WARN_OBJC_ROOT_CLASS = YES_ERROR;
				CLANG_WARN_RANGE_LOOP_ANALYSIS = YES;
				CLANG_WARN_STRICT_PROTOTYPES = YES;
				CLANG_WARN_SUSPICIOUS_MOVE = YES;
				CLANG_WARN_UNGUARDED_AVAILABILITY = YES_AGGRESSIVE;
				CLANG_WARN_UNREACHABLE_CODE = YES;
				CLANG_WARN__DUPLICATE_METHOD_MATCH = YES;
				CODE_SIGN_IDENTITY = "iPhone Developer";
				COPY_PHASE_STRIP = NO;
				DEBUG_INFORMATION_FORMAT = "dwarf-with-dsym";
				ENABLE_NS_ASSERTIONS = NO;
				ENABLE_STRICT_OBJC_MSGSEND = YES;
				GCC_C_LANGUAGE_STANDARD = gnu11;
				GCC_NO_COMMON_BLOCKS = YES;
				GCC_WARN_64_TO_32_BIT_CONVERSION = YES;
				GCC_WARN_ABOUT_RETURN_TYPE = YES_ERROR;
				GCC_WARN_UNDECLARED_SELECTOR = YES;
				GCC_WARN_UNINITIALIZED_AUTOS = YES_AGGRESSIVE;
				GCC_WARN_UNUSED_FUNCTION = YES;
				GCC_WARN_UNUSED_VARIABLE = YES;
				IPHONEOS_DEPLOYMENT_TARGET = 11.0;
				MTL_ENABLE_DEBUG_INFO = NO;
				SDKROOT = iphoneos;
				SWIFT_OPTIMIZATION_LEVEL = "-Owholemodule";
				VALIDATE_PRODUCT = YES;
			};
			name = Release;
		};
		1F29E59B1F95B10200256AC8 /* Debug */ = {
			isa = XCBuildConfiguration;
			baseConfigurationReference = 4AFF4734845A40B4BD20076B /* Pods-RxDemo.debug.xcconfig */;
			buildSettings = {
				ASSETCATALOG_COMPILER_APPICON_NAME = AppIcon;
				CODE_SIGN_STYLE = Automatic;
				DEVELOPMENT_TEAM = T337VCC9XQ;
				INFOPLIST_FILE = RxDemo/Info.plist;
				LD_RUNPATH_SEARCH_PATHS = "$(inherited) @executable_path/Frameworks";
				PRODUCT_BUNDLE_IDENTIFIER = JeffChavez.RxDemo;
				PRODUCT_NAME = "$(TARGET_NAME)";
				SWIFT_VERSION = 3.0;
				TARGETED_DEVICE_FAMILY = "1,2";
			};
			name = Debug;
		};
		1F29E59C1F95B10200256AC8 /* Release */ = {
			isa = XCBuildConfiguration;
			baseConfigurationReference = ECAC6D432D324D0A263FF892 /* Pods-RxDemo.release.xcconfig */;
			buildSettings = {
				ASSETCATALOG_COMPILER_APPICON_NAME = AppIcon;
				CODE_SIGN_STYLE = Automatic;
				DEVELOPMENT_TEAM = T337VCC9XQ;
				INFOPLIST_FILE = RxDemo/Info.plist;
				LD_RUNPATH_SEARCH_PATHS = "$(inherited) @executable_path/Frameworks";
				PRODUCT_BUNDLE_IDENTIFIER = JeffChavez.RxDemo;
				PRODUCT_NAME = "$(TARGET_NAME)";
				SWIFT_VERSION = 3.0;
				TARGETED_DEVICE_FAMILY = "1,2";
			};
			name = Release;
		};
		1F29E59E1F95B10200256AC8 /* Debug */ = {
			isa = XCBuildConfiguration;
			baseConfigurationReference = 059759302C0061568AB39B74 /* Pods-RxDemo-RxDemoTests.debug.xcconfig */;
			buildSettings = {
				ALWAYS_EMBED_SWIFT_STANDARD_LIBRARIES = YES;
				BUNDLE_LOADER = "$(TEST_HOST)";
				CODE_SIGN_STYLE = Automatic;
				DEVELOPMENT_TEAM = T337VCC9XQ;
				INFOPLIST_FILE = RxDemoTests/Info.plist;
				LD_RUNPATH_SEARCH_PATHS = "$(inherited) @executable_path/Frameworks @loader_path/Frameworks";
				PRODUCT_BUNDLE_IDENTIFIER = JeffChavez.RxDemoTests;
				PRODUCT_NAME = "$(TARGET_NAME)";
				SWIFT_VERSION = 3.0;
				TARGETED_DEVICE_FAMILY = "1,2";
				TEST_HOST = "$(BUILT_PRODUCTS_DIR)/RxDemo.app/RxDemo";
			};
			name = Debug;
		};
		1F29E59F1F95B10200256AC8 /* Release */ = {
			isa = XCBuildConfiguration;
			baseConfigurationReference = B9FB3539EE4AEE16AB4463E4 /* Pods-RxDemo-RxDemoTests.release.xcconfig */;
			buildSettings = {
				ALWAYS_EMBED_SWIFT_STANDARD_LIBRARIES = YES;
				BUNDLE_LOADER = "$(TEST_HOST)";
				CODE_SIGN_STYLE = Automatic;
				DEVELOPMENT_TEAM = T337VCC9XQ;
				INFOPLIST_FILE = RxDemoTests/Info.plist;
				LD_RUNPATH_SEARCH_PATHS = "$(inherited) @executable_path/Frameworks @loader_path/Frameworks";
				PRODUCT_BUNDLE_IDENTIFIER = JeffChavez.RxDemoTests;
				PRODUCT_NAME = "$(TARGET_NAME)";
				SWIFT_VERSION = 3.0;
				TARGETED_DEVICE_FAMILY = "1,2";
				TEST_HOST = "$(BUILT_PRODUCTS_DIR)/RxDemo.app/RxDemo";
			};
			name = Release;
		};
		1F29E5A11F95B10200256AC8 /* Debug */ = {
			isa = XCBuildConfiguration;
			buildSettings = {
				ALWAYS_EMBED_SWIFT_STANDARD_LIBRARIES = YES;
				CODE_SIGN_STYLE = Automatic;
				DEVELOPMENT_TEAM = T337VCC9XQ;
				INFOPLIST_FILE = RxDemoUITests/Info.plist;
				LD_RUNPATH_SEARCH_PATHS = "$(inherited) @executable_path/Frameworks @loader_path/Frameworks";
				PRODUCT_BUNDLE_IDENTIFIER = JeffChavez.RxDemoUITests;
				PRODUCT_NAME = "$(TARGET_NAME)";
				SWIFT_VERSION = 3.0;
				TARGETED_DEVICE_FAMILY = "1,2";
				TEST_TARGET_NAME = RxDemo;
			};
			name = Debug;
		};
		1F29E5A21F95B10200256AC8 /* Release */ = {
			isa = XCBuildConfiguration;
			buildSettings = {
				ALWAYS_EMBED_SWIFT_STANDARD_LIBRARIES = YES;
				CODE_SIGN_STYLE = Automatic;
				DEVELOPMENT_TEAM = T337VCC9XQ;
				INFOPLIST_FILE = RxDemoUITests/Info.plist;
				LD_RUNPATH_SEARCH_PATHS = "$(inherited) @executable_path/Frameworks @loader_path/Frameworks";
				PRODUCT_BUNDLE_IDENTIFIER = JeffChavez.RxDemoUITests;
				PRODUCT_NAME = "$(TARGET_NAME)";
				SWIFT_VERSION = 3.0;
				TARGETED_DEVICE_FAMILY = "1,2";
				TEST_TARGET_NAME = RxDemo;
			};
			name = Release;
		};
/* End XCBuildConfiguration section */

/* Begin XCConfigurationList section */
		1F29E56D1F95B10100256AC8 /* Build configuration list for PBXProject "RxDemo" */ = {
			isa = XCConfigurationList;
			buildConfigurations = (
				1F29E5981F95B10200256AC8 /* Debug */,
				1F29E5991F95B10200256AC8 /* Release */,
			);
			defaultConfigurationIsVisible = 0;
			defaultConfigurationName = Release;
		};
		1F29E59A1F95B10200256AC8 /* Build configuration list for PBXNativeTarget "RxDemo" */ = {
			isa = XCConfigurationList;
			buildConfigurations = (
				1F29E59B1F95B10200256AC8 /* Debug */,
				1F29E59C1F95B10200256AC8 /* Release */,
			);
			defaultConfigurationIsVisible = 0;
			defaultConfigurationName = Release;
		};
		1F29E59D1F95B10200256AC8 /* Build configuration list for PBXNativeTarget "RxDemoTests" */ = {
			isa = XCConfigurationList;
			buildConfigurations = (
				1F29E59E1F95B10200256AC8 /* Debug */,
				1F29E59F1F95B10200256AC8 /* Release */,
			);
			defaultConfigurationIsVisible = 0;
			defaultConfigurationName = Release;
		};
		1F29E5A01F95B10200256AC8 /* Build configuration list for PBXNativeTarget "RxDemoUITests" */ = {
			isa = XCConfigurationList;
			buildConfigurations = (
				1F29E5A11F95B10200256AC8 /* Debug */,
				1F29E5A21F95B10200256AC8 /* Release */,
			);
			defaultConfigurationIsVisible = 0;
			defaultConfigurationName = Release;
		};
/* End XCConfigurationList section */
	};
	rootObject = 1F29E56A1F95B10100256AC8 /* Project object */;
}
